dependencies:
- name: gateway
  repository: http://localhost:18080
  version: 0.0.0-SNAPSHOT
- name: kafka
  repository: https://charts.bitnami.com/bitnami
  version: 11.2.1
- name: postgresql
  repository: https://charts.bitnami.com/bitnami
  version: 8.10.5
- name: inventory-service
  repository: http://localhost:18080
  version: 0.0.0-SNAPSHOT
digest: sha256:e06ef07ea3b2ce5c477267812e38d9233952ddfad441bf42540d76c9c962c244
generated: "2020-06-19T17:20:50.290500661+05:45"
