dependencies:
- name: gateway
  repository: http://localhost:18080
  version: 0.0.0-SNAPSHOT
- name: kafka
  repository: https://charts.bitnami.com/bitnami
  version: 11.2.1
- name: postgresql
  repository: https://charts.bitnami.com/bitnami
  version: 8.10.5
- name: inventory-service
  repository: http://localhost:18080
  version: 0.0.0-SNAPSHOT
digest: sha256:862001aa93032418e5dba3f9642cf424c89f7e1ab854c4073079b46f103c0388
generated: "2020-06-30T08:04:35.087814087+05:45"
